
Microsoft Visual Studio Solution File, Format Version 12.00
# Visual Studio Version 16
VisualStudioVersion = 16.0.30320.27
MinimumVisualStudioVersion = 10.0.40219.1
Project("{FAE04EC0-301F-11D3-BF4B-00C04F79EFBC}") = "FitRecord.Android", "FitRecord\FitRecord.Android\FitRecord.Android.csproj", "{D82C3ED4-771F-4CE9-811E-0816A93FEC00}"
EndProject
Project("{FAE04EC0-301F-11D3-BF4B-00C04F79EFBC}") = "FitRecord", "FitRecord\FitRecord\FitRecord.csproj", "{24B89AD8-EFE5-40C5-B396-ACBEEC03DABC}"
EndProject
Global
	GlobalSection(SolutionConfigurationPlatforms) = preSolution
		Debug|Any CPU = Debug|Any CPU
		Release|Any CPU = Release|Any CPU
	EndGlobalSection
	GlobalSection(ProjectConfigurationPlatforms) = postSolution
		{D82C3ED4-771F-4CE9-811E-0816A93FEC00}.Debug|Any CPU.ActiveCfg = Debug|Any CPU
		{D82C3ED4-771F-4CE9-811E-0816A93FEC00}.Debug|Any CPU.Build.0 = Debug|Any CPU
		{D82C3ED4-771F-4CE9-811E-0816A93FEC00}.Debug|Any CPU.Deploy.0 = Debug|Any CPU
		{D82C3ED4-771F-4CE9-811E-0816A93FEC00}.Release|Any CPU.ActiveCfg = Release|Any CPU
		{D82C3ED4-771F-4CE9-811E-0816A93FEC00}.Release|Any CPU.Build.0 = Release|Any CPU
		{D82C3ED4-771F-4CE9-811E-0816A93FEC00}.Release|Any CPU.Deploy.0 = Release|Any CPU
		{24B89AD8-EFE5-40C5-B396-ACBEEC03DABC}.Debug|Any CPU.ActiveCfg = Debug|Any CPU
		{24B89AD8-EFE5-40C5-B396-ACBEEC03DABC}.Debug|Any CPU.Build.0 = Debug|Any CPU
		{24B89AD8-EFE5-40C5-B396-ACBEEC03DABC}.Debug|Any CPU.Deploy.0 = Debug|Any CPU
		{24B89AD8-EFE5-40C5-B396-ACBEEC03DABC}.Release|Any CPU.ActiveCfg = Release|Any CPU
		{24B89AD8-EFE5-40C5-B396-ACBEEC03DABC}.Release|Any CPU.Build.0 = Release|Any CPU
		{24B89AD8-EFE5-40C5-B396-ACBEEC03DABC}.Release|Any CPU.Deploy.0 = Release|Any CPU
	EndGlobalSection
	GlobalSection(SolutionProperties) = preSolution
		HideSolutionNode = FALSE
	EndGlobalSection
	GlobalSection(ExtensibilityGlobals) = postSolution
		SolutionGuid = {5CD3E8ED-70FE-42CB-93EF-F45FFA91D0DE}
	EndGlobalSection
EndGlobal
